PODS:
  - AFNetworking (3.1.0):
    - AFNetworking/NSURLSession (= 3.1.0)
    - AFNetworking/Reachability (= 3.1.0)
    - AFNetworking/Security (= 3.1.0)
    - AFNetworking/Serialization (= 3.1.0)
    - AFNetworking/UIKit (= 3.1.0)
  - AFNetworking/NSURLSession (3.1.0):
    - AFNetworking/Reachability
    - AFNetworking/Security
    - AFNetworking/Serialization
  - AFNetworking/Reachability (3.1.0)
  - AFNetworking/Security (3.1.0)
  - AFNetworking/Serialization (3.1.0)
  - AFNetworking/UIKit (3.1.0):
    - AFNetworking/NSURLSession
  - CocoaAsyncSocket (7.4.3):
    - CocoaAsyncSocket/All (= 7.4.3)
  - CocoaAsyncSocket/All (7.4.3):
    - CocoaAsyncSocket/GCD
    - CocoaAsyncSocket/RunLoop
  - CocoaAsyncSocket/GCD (7.4.3)
  - CocoaAsyncSocket/RunLoop (7.4.3)
  - CocoaHTTPServer (2.3):
    - CocoaAsyncSocket
    - CocoaLumberjack
  - CocoaLumberjack (2.2.0):
    - CocoaLumberjack/Default (= 2.2.0)
    - CocoaLumberjack/Extensions (= 2.2.0)
  - CocoaLumberjack/Core (2.2.0)
  - CocoaLumberjack/Default (2.2.0):
    - CocoaLumberjack/Core
  - CocoaLumberjack/Extensions (2.2.0):
    - CocoaLumberjack/Default
  - iOS_AylaSDK (5.0.00):
    - AFNetworking (~> 3.0)
    - CocoaAsyncSocket (~> 7.4)
    - CocoaHTTPServer (~> 2.3)
    - SocketRocket (~> 0.4)
  - SocketRocket (0.5.0)

DEPENDENCIES:
  - iOS_AylaSDK (from `https://github.com/AylaNetworks/iOS_AylaSDK.git`, branch `develop`)

EXTERNAL SOURCES:
  iOS_AylaSDK:
    :branch: develop
    :git: https://github.com/AylaNetworks/iOS_AylaSDK.git

CHECKOUT OPTIONS:
  iOS_AylaSDK:
    :commit: bc840f0a8f86fdeabf3d41c4f9404d7083dfdd6a
    :git: https://github.com/AylaNetworks/iOS_AylaSDK.git

SPEC CHECKSUMS:
  AFNetworking: 5e0e199f73d8626b11e79750991f5d173d1f8b67
  CocoaAsyncSocket: a18c75dca4b08723628a0bacca6e94803d90be91
  CocoaHTTPServer: 5624681fc3473d43b18202f635f9b3abb013b530
  CocoaLumberjack: 17fe8581f84914d5d7e6360f7c70022b173c3ae0
  iOS_AylaSDK: 650a267d8aacbbf475829ec55538fbb20b0de917
  SocketRocket: 2c51efccd2d73c99a923407ca4b06e7e9da95dbf

COCOAPODS: 0.39.0
